
Microsoft Visual Studio Solution File, Format Version 12.00
# Visual Studio Version 17
VisualStudioVersion = 17.0.31903.59
MinimumVisualStudioVersion = 10.0.40219.1
Project("{FAE04EC0-301F-11D3-BF4B-00C04F79EFBC}") = "CoffeShopApi", "CoffeShopApi\CoffeShopApi.csproj", "{309634FB-9CB0-4EAF-8056-B0475FFBBF2C}"
EndProject
Project("{FAE04EC0-301F-11D3-BF4B-00C04F79EFBC}") = "Service", "Service\Service.csproj", "{146798BC-276B-478A-B156-92E450182A8F}"
EndProject
Project("{FAE04EC0-301F-11D3-BF4B-00C04F79EFBC}") = "Domain", "Domain\Domain.csproj", "{0BEAC7F5-E4D9-48D3-9A0E-C7E83F93EE79}"
EndProject
Global
	GlobalSection(SolutionConfigurationPlatforms) = preSolution
		Debug|Any CPU = Debug|Any CPU
		Release|Any CPU = Release|Any CPU
	EndGlobalSection
	GlobalSection(SolutionProperties) = preSolution
		HideSolutionNode = FALSE
	EndGlobalSection
	GlobalSection(ProjectConfigurationPlatforms) = postSolution
		{309634FB-9CB0-4EAF-8056-B0475FFBBF2C}.Debug|Any CPU.ActiveCfg = Debug|Any CPU
		{309634FB-9CB0-4EAF-8056-B0475FFBBF2C}.Debug|Any CPU.Build.0 = Debug|Any CPU
		{309634FB-9CB0-4EAF-8056-B0475FFBBF2C}.Release|Any CPU.ActiveCfg = Release|Any CPU
		{309634FB-9CB0-4EAF-8056-B0475FFBBF2C}.Release|Any CPU.Build.0 = Release|Any CPU
		{146798BC-276B-478A-B156-92E450182A8F}.Debug|Any CPU.ActiveCfg = Debug|Any CPU
		{146798BC-276B-478A-B156-92E450182A8F}.Debug|Any CPU.Build.0 = Debug|Any CPU
		{146798BC-276B-478A-B156-92E450182A8F}.Release|Any CPU.ActiveCfg = Release|Any CPU
		{146798BC-276B-478A-B156-92E450182A8F}.Release|Any CPU.Build.0 = Release|Any CPU
		{0BEAC7F5-E4D9-48D3-9A0E-C7E83F93EE79}.Debug|Any CPU.ActiveCfg = Debug|Any CPU
		{0BEAC7F5-E4D9-48D3-9A0E-C7E83F93EE79}.Debug|Any CPU.Build.0 = Debug|Any CPU
		{0BEAC7F5-E4D9-48D3-9A0E-C7E83F93EE79}.Release|Any CPU.ActiveCfg = Release|Any CPU
		{0BEAC7F5-E4D9-48D3-9A0E-C7E83F93EE79}.Release|Any CPU.Build.0 = Release|Any CPU
	EndGlobalSection
EndGlobal
